# THIS IS AN AUTOGENERATED FILE. DO NOT EDIT THIS FILE DIRECTLY.
# yarn lockfile v1


"@types/d3-array@*":
  version "1.1.3"
  resolved "https://registry.yarnpkg.com/@types/d3-array/-/d3-array-1.1.3.tgz#9195398b8bfc6189b2bdc9c4b13050591c52cb0b"

"@types/d3-axis@*":
  version "1.0.8"
  resolved "https://registry.yarnpkg.com/@types/d3-axis/-/d3-axis-1.0.8.tgz#84a769823b8416110171ca3618227610726e71c4"
  dependencies:
    "@types/d3-selection" "*"

"@types/d3-brush@*":
  version "1.0.7"
  resolved "https://registry.yarnpkg.com/@types/d3-brush/-/d3-brush-1.0.7.tgz#05c30440f4d537fd23f976b0e6c4ba223001ef45"
  dependencies:
    "@types/d3-selection" "*"

"@types/d3-chord@*":
  version "1.0.6"
  resolved "https://registry.yarnpkg.com/@types/d3-chord/-/d3-chord-1.0.6.tgz#0589eb97a3191f4edaf17b7bde498462890ce1ec"

"@types/d3-collection@*":
  version "1.0.4"
  resolved "https://registry.yarnpkg.com/@types/d3-collection/-/d3-collection-1.0.4.tgz#19b1eede200ba5bdafb4c8af19afe32c2de7a660"

"@types/d3-color@*":
  version "1.0.4"
  resolved "https://registry.yarnpkg.com/@types/d3-color/-/d3-color-1.0.4.tgz#f0e1b64162fea2f932007fb966c26cc8aff3a47d"

"@types/d3-dispatch@*":
  version "1.0.4"
  resolved "https://registry.yarnpkg.com/@types/d3-dispatch/-/d3-dispatch-1.0.4.tgz#91b8de6198053efc46788ad5f27182bcc42335b5"

"@types/d3-drag@*":
  version "1.0.7"
  resolved "https://registry.yarnpkg.com/@types/d3-drag/-/d3-drag-1.0.7.tgz#233cb777770a3ac2a82b076e38b543c563381d7e"
  dependencies:
    "@types/d3-selection" "*"

"@types/d3-dsv@*":
  version "1.0.30"
  resolved "https://registry.yarnpkg.com/@types/d3-dsv/-/d3-dsv-1.0.30.tgz#78e0dddde4283566f463e51551a97a63c170d5a8"

"@types/d3-ease@*":
  version "1.0.6"
  resolved "https://registry.yarnpkg.com/@types/d3-ease/-/d3-ease-1.0.6.tgz#9dfd1b87d98283f5d4f0e59589b0cc3e44dcabb1"

"@types/d3-force@*":
  version "1.0.7"
  resolved "https://registry.yarnpkg.com/@types/d3-force/-/d3-force-1.0.7.tgz#8e3c533697143ebb70275d56840206e8ba789185"

"@types/d3-format@*":
  version "1.1.0"
  resolved "https://registry.yarnpkg.com/@types/d3-format/-/d3-format-1.1.0.tgz#e04e8ba801560486304f7790765cf4d158f4458b"

"@types/d3-geo@*":
  version "1.6.2"
  resolved "https://registry.yarnpkg.com/@types/d3-geo/-/d3-geo-1.6.2.tgz#7f27d8996137e7defc8b702ca667ea98c5e6f3d1"
  dependencies:
    "@types/geojson" "*"

"@types/d3-hierarchy@*":
  version "1.1.0"
  resolved "https://registry.yarnpkg.com/@types/d3-hierarchy/-/d3-hierarchy-1.1.0.tgz#50f1ee052840638035cbdd4acab1fc3470905907"

"@types/d3-interpolate@*":
  version "1.1.5"
  resolved "https://registry.yarnpkg.com/@types/d3-interpolate/-/d3-interpolate-1.1.5.tgz#956485bb0f75c07b49b33f7b44a35cfa9f7f4f46"
  dependencies:
    "@types/d3-color" "*"

"@types/d3-path@*":
  version "1.0.5"
  resolved "https://registry.yarnpkg.com/@types/d3-path/-/d3-path-1.0.5.tgz#84e54043410048a188c03100592c2b9e417664f7"

"@types/d3-polygon@*":
  version "1.0.4"
  resolved "https://registry.yarnpkg.com/@types/d3-polygon/-/d3-polygon-1.0.4.tgz#44aa10bf081c8e87642827feb6285e8280c3eee4"

"@types/d3-quadtree@*":
  version "1.0.4"
  resolved "https://registry.yarnpkg.com/@types/d3-quadtree/-/d3-quadtree-1.0.4.tgz#fb164e00a82f3105b810afad757804664742c049"

"@types/d3-queue@*":
  version "3.0.4"
  resolved "https://registry.yarnpkg.com/@types/d3-queue/-/d3-queue-3.0.4.tgz#a86b6d55e307d363aedd5153d8f1117793df6710"

"@types/d3-random@*":
  version "1.0.5"
  resolved "https://registry.yarnpkg.com/@types/d3-random/-/d3-random-1.0.5.tgz#e1d212f503376899f8a290ebae9cbf606eac856d"

"@types/d3-request@*":
  version "1.0.1"
  resolved "https://registry.yarnpkg.com/@types/d3-request/-/d3-request-1.0.1.tgz#b3e8b79c97618b396814ee8931a318efe9a51c64"
  dependencies:
    "@types/d3-dsv" "*"

"@types/d3-scale@*":
  version "1.0.8"
  resolved "https://registry.yarnpkg.com/@types/d3-scale/-/d3-scale-1.0.8.tgz#8347cbf6973e834c9eb4654f7215b7c4601df18b"
  dependencies:
    "@types/d3-time" "*"

"@types/d3-selection@*":
  version "1.0.15"
  resolved "https://registry.yarnpkg.com/@types/d3-selection/-/d3-selection-1.0.15.tgz#2cd305e72f1ebe3eebc9a9263bd3e34cc0321456"

"@types/d3-shape@*":
  version "1.0.10"
  resolved "https://registry.yarnpkg.com/@types/d3-shape/-/d3-shape-1.0.10.tgz#c487e26159d539e57caab82bcd49a6a483abc946"
  dependencies:
    "@types/d3-path" "*"

"@types/d3-time-format@*":
  version "2.0.4"
  resolved "https://registry.yarnpkg.com/@types/d3-time-format/-/d3-time-format-2.0.4.tgz#3f4749652f347bce4b1c405053b0cfc5154cf537"

"@types/d3-time@*":
  version "1.0.5"
  resolved "https://registry.yarnpkg.com/@types/d3-time/-/d3-time-1.0.5.tgz#c86f1f43dc2b22d3c6c75cd1734effeda74213e5"

"@types/d3-timer@*":
  version "1.0.5"
  resolved "https://registry.yarnpkg.com/@types/d3-timer/-/d3-timer-1.0.5.tgz#aad31e6aa185a6440f544d9167ef3194667d7f1e"

"@types/d3-transition@*":
  version "1.0.8"
  resolved "https://registry.yarnpkg.com/@types/d3-transition/-/d3-transition-1.0.8.tgz#56de7b0aed94c3637a66fc352673bff53063974f"
  dependencies:
    "@types/d3-selection" "*"

"@types/d3-voronoi@*":
  version "1.1.5"
  resolved "https://registry.yarnpkg.com/@types/d3-voronoi/-/d3-voronoi-1.1.5.tgz#67d03acb2d56006bb202c20cee1b8d5ad9fe0461"

"@types/d3-zoom@*":
  version "1.1.3"
  resolved "https://registry.yarnpkg.com/@types/d3-zoom/-/d3-zoom-1.1.3.tgz#4569be5f4f7bb01330e8cbc8ab93fd29b84f167e"
  dependencies:
    "@types/d3-interpolate" "*"
    "@types/d3-selection" "*"

"@types/d3@^4.7.0":
  version "4.7.0"
  resolved "https://registry.yarnpkg.com/@types/d3/-/d3-4.7.0.tgz#667d84f3bbf003eac80fded78930cf1c24bcdb4c"
  dependencies:
    "@types/d3-array" "*"
    "@types/d3-axis" "*"
    "@types/d3-brush" "*"
    "@types/d3-chord" "*"
    "@types/d3-collection" "*"
    "@types/d3-color" "*"
    "@types/d3-dispatch" "*"
    "@types/d3-drag" "*"
    "@types/d3-dsv" "*"
    "@types/d3-ease" "*"
    "@types/d3-force" "*"
    "@types/d3-format" "*"
    "@types/d3-geo" "*"
    "@types/d3-hierarchy" "*"
    "@types/d3-interpolate" "*"
    "@types/d3-path" "*"
    "@types/d3-polygon" "*"
    "@types/d3-quadtree" "*"
    "@types/d3-queue" "*"
    "@types/d3-random" "*"
    "@types/d3-request" "*"
    "@types/d3-scale" "*"
    "@types/d3-selection" "*"
    "@types/d3-shape" "*"
    "@types/d3-time" "*"
    "@types/d3-time-format" "*"
    "@types/d3-timer" "*"
    "@types/d3-transition" "*"
    "@types/d3-voronoi" "*"
    "@types/d3-zoom" "*"

"@types/geojson@*":
  version "1.0.2"
  resolved "https://registry.yarnpkg.com/@types/geojson/-/geojson-1.0.2.tgz#b02d10ab028e2928ac592a051aaa4981a1941d03"

commander@2:
  version "2.9.0"
  resolved "https://registry.yarnpkg.com/commander/-/commander-2.9.0.tgz#9c99094176e12240cb22d6c5146098400fe0f7d4"
  dependencies:
    graceful-readlink ">= 1.0.0"

d3-array@1, d3-array@1.2.0:
  version "1.2.0"
  resolved "https://registry.yarnpkg.com/d3-array/-/d3-array-1.2.0.tgz#147d269720e174c4057a7f42be8b0f3f2ba53108"

d3-axis@1.0.6:
  version "1.0.6"
  resolved "https://registry.yarnpkg.com/d3-axis/-/d3-axis-1.0.6.tgz#dccbc21a73e5786de820bf1a22b237f522b878be"

d3-brush@1.0.4:
  version "1.0.4"
  resolved "https://registry.yarnpkg.com/d3-brush/-/d3-brush-1.0.4.tgz#00c2f238019f24f6c0a194a26d41a1530ffe7bc4"
  dependencies:
    d3-dispatch "1"
    d3-drag "1"
    d3-interpolate "1"
    d3-selection "1"
    d3-transition "1"

d3-chord@1.0.4:
  version "1.0.4"
  resolved "https://registry.yarnpkg.com/d3-chord/-/d3-chord-1.0.4.tgz#7dec4f0ba886f713fe111c45f763414f6f74ca2c"
  dependencies:
    d3-array "1"
    d3-path "1"

d3-collection@1, d3-collection@1.0.3:
  version "1.0.3"
  resolved "https://registry.yarnpkg.com/d3-collection/-/d3-collection-1.0.3.tgz#00bdea94fbc1628d435abbae2f4dc2164e37dd34"

d3-color@1, d3-color@1.0.3:
  version "1.0.3"
  resolved "https://registry.yarnpkg.com/d3-color/-/d3-color-1.0.3.tgz#bc7643fca8e53a8347e2fbdaffa236796b58509b"

d3-dispatch@1, d3-dispatch@1.0.3:
  version "1.0.3"
  resolved "https://registry.yarnpkg.com/d3-dispatch/-/d3-dispatch-1.0.3.tgz#46e1491eaa9b58c358fce5be4e8bed626e7871f8"

d3-drag@1, d3-drag@1.0.4:
  version "1.0.4"
  resolved "https://registry.yarnpkg.com/d3-drag/-/d3-drag-1.0.4.tgz#a9c1609f11dd5530ae275ebd64377ec54efb9d8f"
  dependencies:
    d3-dispatch "1"
    d3-selection "1"

d3-dsv@1, d3-dsv@1.0.5:
  version "1.0.5"
  resolved "https://registry.yarnpkg.com/d3-dsv/-/d3-dsv-1.0.5.tgz#419f7db47f628789fc3fdb636e678449d0821136"
  dependencies:
    commander "2"
    iconv-lite "0.4"
    rw "1"

d3-ease@1, d3-ease@1.0.3:
  version "1.0.3"
  resolved "https://registry.yarnpkg.com/d3-ease/-/d3-ease-1.0.3.tgz#68bfbc349338a380c44d8acc4fbc3304aa2d8c0e"

d3-force@1.0.6:
  version "1.0.6"
  resolved "https://registry.yarnpkg.com/d3-force/-/d3-force-1.0.6.tgz#ea7e1b7730e2664cd314f594d6718c57cc132b79"
  dependencies:
    d3-collection "1"
    d3-dispatch "1"
    d3-quadtree "1"
    d3-timer "1"

d3-format@1, d3-format@1.2.0:
  version "1.2.0"
  resolved "https://registry.yarnpkg.com/d3-format/-/d3-format-1.2.0.tgz#6b480baa886885d4651dc248a8f4ac9da16db07a"

d3-geo@1.6.3:
  version "1.6.3"
  resolved "https://registry.yarnpkg.com/d3-geo/-/d3-geo-1.6.3.tgz#21683a43a061eaba21a7f254b51d5937eb640756"
  dependencies:
    d3-array "1"

d3-hierarchy@1.1.4:
  version "1.1.4"
  resolved "https://registry.yarnpkg.com/d3-hierarchy/-/d3-hierarchy-1.1.4.tgz#96c3942f3f21cf997a11b4edf00dde2a77b4c6d0"

d3-interpolate@1, d3-interpolate@1.1.4:
  version "1.1.4"
  resolved "https://registry.yarnpkg.com/d3-interpolate/-/d3-interpolate-1.1.4.tgz#a43ec5b3bee350d8516efdf819a4c08c053db302"
  dependencies:
    d3-color "1"

d3-path@1, d3-path@1.0.5:
  version "1.0.5"
  resolved "https://registry.yarnpkg.com/d3-path/-/d3-path-1.0.5.tgz#241eb1849bd9e9e8021c0d0a799f8a0e8e441764"

d3-polygon@1.0.3:
  version "1.0.3"
  resolved "https://registry.yarnpkg.com/d3-polygon/-/d3-polygon-1.0.3.tgz#16888e9026460933f2b179652ad378224d382c62"

d3-quadtree@1, d3-quadtree@1.0.3:
  version "1.0.3"
  resolved "https://registry.yarnpkg.com/d3-quadtree/-/d3-quadtree-1.0.3.tgz#ac7987e3e23fe805a990f28e1b50d38fcb822438"

d3-queue@3.0.5:
  version "3.0.5"
  resolved "https://registry.yarnpkg.com/d3-queue/-/d3-queue-3.0.5.tgz#0ceffe1f131c459b13b9f69f1056b41dfc33c00d"

d3-random@1.0.3:
  version "1.0.3"
  resolved "https://registry.yarnpkg.com/d3-random/-/d3-random-1.0.3.tgz#6526c844aa5e7c457e29ddacd6f2734f845b42c1"

d3-request@1.0.5:
  version "1.0.5"
  resolved "https://registry.yarnpkg.com/d3-request/-/d3-request-1.0.5.tgz#4daae946d1dd0d57dfe01f022956354958d51f23"
  dependencies:
    d3-collection "1"
    d3-dispatch "1"
    d3-dsv "1"
    xmlhttprequest "1"

d3-scale@1.0.5:
  version "1.0.5"
  resolved "https://registry.yarnpkg.com/d3-scale/-/d3-scale-1.0.5.tgz#418506f0fb18eb052b385e196398acc2a4134858"
  dependencies:
    d3-array "1"
    d3-collection "1"
    d3-color "1"
    d3-format "1"
    d3-interpolate "1"
    d3-time "1"
    d3-time-format "2"

d3-selection@1, d3-selection@1.0.5:
  version "1.0.5"
  resolved "https://registry.yarnpkg.com/d3-selection/-/d3-selection-1.0.5.tgz#948c73b41a44e28d1742ae2ff207c2aebca2734b"

d3-shape@1.0.6:
  version "1.0.6"
  resolved "https://registry.yarnpkg.com/d3-shape/-/d3-shape-1.0.6.tgz#b09e305cf0c7c6b9a98c90e6b42f62dac4bcfd5b"
  dependencies:
    d3-path "1"

d3-time-format@2, d3-time-format@2.0.5:
  version "2.0.5"
  resolved "https://registry.yarnpkg.com/d3-time-format/-/d3-time-format-2.0.5.tgz#9d7780204f7c9119c9170b1a56db4de9a8af972e"
  dependencies:
    d3-time "1"

d3-time@1, d3-time@1.0.6:
  version "1.0.6"
  resolved "https://registry.yarnpkg.com/d3-time/-/d3-time-1.0.6.tgz#a55b13d7d15d3a160ae91708232e0835f1d5e945"

d3-timer@1, d3-timer@1.0.5:
  version "1.0.5"
  resolved "https://registry.yarnpkg.com/d3-timer/-/d3-timer-1.0.5.tgz#b266d476c71b0d269e7ac5f352b410a3b6fe6ef0"

d3-transition@1, d3-transition@1.0.4:
  version "1.0.4"
  resolved "https://registry.yarnpkg.com/d3-transition/-/d3-transition-1.0.4.tgz#e1a9ebae3869a9d9c2874ab00841fa8313ae5de5"
  dependencies:
    d3-color "1"
    d3-dispatch "1"
    d3-ease "1"
    d3-interpolate "1"
    d3-selection "1"
    d3-timer "1"

d3-voronoi@1.1.2:
  version "1.1.2"
  resolved "https://registry.yarnpkg.com/d3-voronoi/-/d3-voronoi-1.1.2.tgz#1687667e8f13a2d158c80c1480c5a29cb0d8973c"

d3-zoom@1.1.4:
  version "1.1.4"
  resolved "https://registry.yarnpkg.com/d3-zoom/-/d3-zoom-1.1.4.tgz#903fd2c988b5cace43f00dcf7aae09470c9cc12d"
  dependencies:
    d3-dispatch "1"
    d3-drag "1"
    d3-interpolate "1"
    d3-selection "1"
    d3-transition "1"

d3@^4.8.0:
  version "4.8.0"
  resolved "https://registry.yarnpkg.com/d3/-/d3-4.8.0.tgz#1ad8d18997869c90b6ad6114e9b92425cee78460"
  dependencies:
    d3-array "1.2.0"
    d3-axis "1.0.6"
    d3-brush "1.0.4"
    d3-chord "1.0.4"
    d3-collection "1.0.3"
    d3-color "1.0.3"
    d3-dispatch "1.0.3"
    d3-drag "1.0.4"
    d3-dsv "1.0.5"
    d3-ease "1.0.3"
    d3-force "1.0.6"
    d3-format "1.2.0"
    d3-geo "1.6.3"
    d3-hierarchy "1.1.4"
    d3-interpolate "1.1.4"
    d3-path "1.0.5"
    d3-polygon "1.0.3"
    d3-quadtree "1.0.3"
    d3-queue "3.0.5"
    d3-random "1.0.3"
    d3-request "1.0.5"
    d3-scale "1.0.5"
    d3-selection "1.0.5"
    d3-shape "1.0.6"
    d3-time "1.0.6"
    d3-time-format "2.0.5"
    d3-timer "1.0.5"
    d3-transition "1.0.4"
    d3-voronoi "1.1.2"
    d3-zoom "1.1.4"

"graceful-readlink@>= 1.0.0":
  version "1.0.1"
  resolved "https://registry.yarnpkg.com/graceful-readlink/-/graceful-readlink-1.0.1.tgz#4cafad76bc62f02fa039b2f94e9a3dd3a391a725"

iconv-lite@0.4:
  version "0.4.15"
  resolved "https://registry.yarnpkg.com/iconv-lite/-/iconv-lite-0.4.15.tgz#fe265a218ac6a57cfe854927e9d04c19825eddeb"

js-sha256@^0.5.0:
  version "0.5.0"
  resolved "https://registry.yarnpkg.com/js-sha256/-/js-sha256-0.5.0.tgz#438d17a71718bb3dfe00534a48b712b57303985f"

rw@1:
  version "1.3.3"
  resolved "https://registry.yarnpkg.com/rw/-/rw-1.3.3.tgz#3f862dfa91ab766b14885ef4d01124bfda074fb4"

xmlhttprequest@1:
  version "1.8.0"
  resolved "https://registry.yarnpkg.com/xmlhttprequest/-/xmlhttprequest-1.8.0.tgz#67fe075c5c24fef39f9d65f5f7b7fe75171968fc"
